// !$*UTF8*$!
{
	archiveVersion = 1;
	classes = {
	};
	objectVersion = 50;
	objects = {

/* Begin PBXBuildFile section */
		C986012325CC1EDB0043864A /* AppDelegate.swift in Sources */ = {isa = PBXBuildFile; fileRef = C986012225CC1EDB0043864A /* AppDelegate.swift */; };
		C986012C25CC1EDC0043864A /* Assets.xcassets in Resources */ = {isa = PBXBuildFile; fileRef = C986012B25CC1EDC0043864A /* Assets.xcassets */; };
		C986012F25CC1EDC0043864A /* LaunchScreen.storyboard in Resources */ = {isa = PBXBuildFile; fileRef = C986012D25CC1EDC0043864A /* LaunchScreen.storyboard */; };
		C986014825CC23EB0043864A /* Post.swift in Sources */ = {isa = PBXBuildFile; fileRef = C986014725CC23EB0043864A /* Post.swift */; };
		C986014E25CC27E90043864A /* DummyViewController.swift in Sources */ = {isa = PBXBuildFile; fileRef = C986014D25CC27E90043864A /* DummyViewController.swift */; };
		C986015125CC294E0043864A /* SceneDelegate.swift in Sources */ = {isa = PBXBuildFile; fileRef = C986015025CC294E0043864A /* SceneDelegate.swift */; };
		C986015425CC2C750043864A /* Endpoint.swift in Sources */ = {isa = PBXBuildFile; fileRef = C986015325CC2C750043864A /* Endpoint.swift */; };
		C986015825CC2E890043864A /* Utilities.swift in Sources */ = {isa = PBXBuildFile; fileRef = C986015725CC2E890043864A /* Utilities.swift */; };
		C986015B25CC37080043864A /* NetworkClient.swift in Sources */ = {isa = PBXBuildFile; fileRef = C986015A25CC37080043864A /* NetworkClient.swift */; };
/* End PBXBuildFile section */

/* Begin PBXFileReference section */
		C986011F25CC1EDB0043864A /* Offsight-TH.app */ = {isa = PBXFileReference; explicitFileType = wrapper.application; includeInIndex = 0; path = "Offsight-TH.app"; sourceTree = BUILT_PRODUCTS_DIR; };
		C986012225CC1EDB0043864A /* AppDelegate.swift */ = {isa = PBXFileReference; lastKnownFileType = sourcecode.swift; path = AppDelegate.swift; sourceTree = "<group>"; };
		C986012B25CC1EDC0043864A /* Assets.xcassets */ = {isa = PBXFileReference; lastKnownFileType = folder.assetcatalog; path = Assets.xcassets; sourceTree = "<group>"; };
		C986012E25CC1EDC0043864A /* Base */ = {isa = PBXFileReference; lastKnownFileType = file.storyboard; name = Base; path = Base.lproj/LaunchScreen.storyboard; sourceTree = "<group>"; };
		C986013025CC1EDC0043864A /* Info.plist */ = {isa = PBXFileReference; lastKnownFileType = text.plist.xml; path = Info.plist; sourceTree = "<group>"; };
		C986014725CC23EB0043864A /* Post.swift */ = {isa = PBXFileReference; lastKnownFileType = sourcecode.swift; path = Post.swift; sourceTree = "<group>"; };
		C986014D25CC27E90043864A /* DummyViewController.swift */ = {isa = PBXFileReference; lastKnownFileType = sourcecode.swift; path = DummyViewController.swift; sourceTree = "<group>"; };
		C986015025CC294E0043864A /* SceneDelegate.swift */ = {isa = PBXFileReference; lastKnownFileType = sourcecode.swift; path = SceneDelegate.swift; sourceTree = "<group>"; };
		C986015325CC2C750043864A /* Endpoint.swift */ = {isa = PBXFileReference; lastKnownFileType = sourcecode.swift; path = Endpoint.swift; sourceTree = "<group>"; };
		C986015725CC2E890043864A /* Utilities.swift */ = {isa = PBXFileReference; lastKnownFileType = sourcecode.swift; path = Utilities.swift; sourceTree = "<group>"; };
		C986015A25CC37080043864A /* NetworkClient.swift */ = {isa = PBXFileReference; lastKnownFileType = sourcecode.swift; path = NetworkClient.swift; sourceTree = "<group>"; };
/* End PBXFileReference section */

/* Begin PBXFrameworksBuildPhase section */
		C986011C25CC1EDB0043864A /* Frameworks */ = {
			isa = PBXFrameworksBuildPhase;
			buildActionMask = 2147483647;
			files = (
			);
			runOnlyForDeploymentPostprocessing = 0;
		};
/* End PBXFrameworksBuildPhase section */

/* Begin PBXGroup section */
		C986011625CC1EDB0043864A = {
			isa = PBXGroup;
			children = (
				C986012125CC1EDB0043864A /* Offsight-TH */,
				C986012025CC1EDB0043864A /* Products */,
			);
			sourceTree = "<group>";
		};
		C986012025CC1EDB0043864A /* Products */ = {
			isa = PBXGroup;
			children = (
				C986011F25CC1EDB0043864A /* Offsight-TH.app */,
			);
			name = Products;
			sourceTree = "<group>";
		};
		C986012125CC1EDB0043864A /* Offsight-TH */ = {
			isa = PBXGroup;
			children = (
				C986015625CC2C890043864A /* Utilities */,
				C986014625CC23C90043864A /* Models */,
				C986014525CC23B90043864A /* Network */,
				C986012225CC1EDB0043864A /* AppDelegate.swift */,
				C986012B25CC1EDC0043864A /* Assets.xcassets */,
				C986012D25CC1EDC0043864A /* LaunchScreen.storyboard */,
				C986013025CC1EDC0043864A /* Info.plist */,
				C986014D25CC27E90043864A /* DummyViewController.swift */,
				C986015025CC294E0043864A /* SceneDelegate.swift */,
			);
			path = "Offsight-TH";
			sourceTree = "<group>";
		};
		C986014525CC23B90043864A /* Network */ = {
			isa = PBXGroup;
			children = (
				C986015325CC2C750043864A /* Endpoint.swift */,
				C986015A25CC37080043864A /* NetworkClient.swift */,
			);
			path = Network;
			sourceTree = "<group>";
		};
		C986014625CC23C90043864A /* Models */ = {
			isa = PBXGroup;
			children = (
				C986014725CC23EB0043864A /* Post.swift */,
			);
			path = Models;
			sourceTree = "<group>";
		};
		C986015625CC2C890043864A /* Utilities */ = {
			isa = PBXGroup;
			children = (
				C986015725CC2E890043864A /* Utilities.swift */,
			);
			path = Utilities;
			sourceTree = "<group>";
		};
/* End PBXGroup section */

/* Begin PBXNativeTarget section */
		C986011E25CC1EDB0043864A /* Offsight-TH */ = {
			isa = PBXNativeTarget;
			buildConfigurationList = C986013325CC1EDC0043864A /* Build configuration list for PBXNativeTarget "Offsight-TH" */;
			buildPhases = (
				C986011B25CC1EDB0043864A /* Sources */,
				C986011C25CC1EDB0043864A /* Frameworks */,
				C986011D25CC1EDB0043864A /* Resources */,
			);
			buildRules = (
			);
			dependencies = (
			);
			name = "Offsight-TH";
			productName = "Offsight-TH";
			productReference = C986011F25CC1EDB0043864A /* Offsight-TH.app */;
			productType = "com.apple.product-type.application";
		};
/* End PBXNativeTarget section */

/* Begin PBXProject section */
		C986011725CC1EDB0043864A /* Project object */ = {
			isa = PBXProject;
			attributes = {
				LastSwiftUpdateCheck = 1240;
				LastUpgradeCheck = 1240;
				TargetAttributes = {
					C986011E25CC1EDB0043864A = {
						CreatedOnToolsVersion = 12.4;
					};
				};
			};
			buildConfigurationList = C986011A25CC1EDB0043864A /* Build configuration list for PBXProject "Offsight-TH" */;
			compatibilityVersion = "Xcode 9.3";
			developmentRegion = en;
			hasScannedForEncodings = 0;
			knownRegions = (
				en,
				Base,
			);
			mainGroup = C986011625CC1EDB0043864A;
			productRefGroup = C986012025CC1EDB0043864A /* Products */;
			projectDirPath = "";
			projectRoot = "";
			targets = (
				C986011E25CC1EDB0043864A /* Offsight-TH */,
			);
		};
/* End PBXProject section */

/* Begin PBXResourcesBuildPhase section */
		C986011D25CC1EDB0043864A /* Resources */ = {
			isa = PBXResourcesBuildPhase;
			buildActionMask = 2147483647;
			files = (
				C986012F25CC1EDC0043864A /* LaunchScreen.storyboard in Resources */,
				C986012C25CC1EDC0043864A /* Assets.xcassets in Resources */,
			);
			runOnlyForDeploymentPostprocessing = 0;
		};
/* End PBXResourcesBuildPhase section */

/* Begin PBXSourcesBuildPhase section */
		C986011B25CC1EDB0043864A /* Sources */ = {
			isa = PBXSourcesBuildPhase;
			buildActionMask = 2147483647;
			files = (
				C986015825CC2E890043864A /* Utilities.swift in Sources */,
				C986012325CC1EDB0043864A /* AppDelegate.swift in Sources */,
				C986014E25CC27E90043864A /* DummyViewController.swift in Sources */,
				C986014825CC23EB0043864A /* Post.swift in Sources */,
				C986015B25CC37080043864A /* NetworkClient.swift in Sources */,
				C986015125CC294E0043864A /* SceneDelegate.swift in Sources */,
				C986015425CC2C750043864A /* Endpoint.swift in Sources */,
			);
			runOnlyForDeploymentPostprocessing = 0;
		};
/* End PBXSourcesBuildPhase section */

/* Begin PBXVariantGroup section */
		C986012D25CC1EDC0043864A /* LaunchScreen.storyboard */ = {
			isa = PBXVariantGroup;
			children = (
				C986012E25CC1EDC0043864A /* Base */,
			);
			name = LaunchScreen.storyboard;
			sourceTree = "<group>";
		};
/* End PBXVariantGroup section */

/* Begin XCBuildConfiguration section */
		C986013125CC1EDC0043864A /* Debug */ = {
			isa = XCBuildConfiguration;
			buildSettings = {
				ALWAYS_SEARCH_USER_PATHS = NO;
				CLANG_ANALYZER_NONNULL = YES;
				CLANG_ANALYZER_NUMBER_OBJECT_CONVERSION = YES_AGGRESSIVE;
				CLANG_CXX_LANGUAGE_STANDARD = "gnu++14";
				CLANG_CXX_LIBRARY = "libc++";
				CLANG_ENABLE_MODULES = YES;
				CLANG_ENABLE_OBJC_ARC = YES;
				CLANG_ENABLE_OBJC_WEAK = YES;
				CLANG_WARN_BLOCK_CAPTURE_AUTORELEASING = YES;
				CLANG_WARN_BOOL_CONVERSION = YES;
				CLANG_WARN_COMMA = YES;
				CLANG_WARN_CONSTANT_CONVERSION = YES;
				CLANG_WARN_DEPRECATED_OBJC_IMPLEMENTATIONS = YES;
				CLANG_WARN_DIRECT_OBJC_ISA_USAGE = YES_ERROR;
				CLANG_WARN_DOCUMENTATION_COMMENTS = YES;
				CLANG_WARN_EMPTY_BODY = YES;
				CLANG_WARN_ENUM_CONVERSION = YES;
				CLANG_WARN_INFINITE_RECURSION = YES;
				CLANG_WARN_INT_CONVERSION = YES;
				CLANG_WARN_NON_LITERAL_NULL_CONVERSION = YES;
				CLANG_WARN_OBJC_IMPLICIT_RETAIN_SELF = YES;
				CLANG_WARN_OBJC_LITERAL_CONVERSION = YES;
				CLANG_WARN_OBJC_ROOT_CLASS = YES_ERROR;
				CLANG_WARN_QUOTED_INCLUDE_IN_FRAMEWORK_HEADER = YES;
				CLANG_WARN_RANGE_LOOP_ANALYSIS = YES;
				CLANG_WARN_STRICT_PROTOTYPES = YES;
				CLANG_WARN_SUSPICIOUS_MOVE = YES;
				CLANG_WARN_UNGUARDED_AVAILABILITY = YES_AGGRESSIVE;
				CLANG_WARN_UNREACHABLE_CODE = YES;
				CLANG_WARN__DUPLICATE_METHOD_MATCH = YES;
				COPY_PHASE_STRIP = NO;
				DEBUG_INFORMATION_FORMAT = dwarf;
				ENABLE_STRICT_OBJC_MSGSEND = YES;
				ENABLE_TESTABILITY = YES;
				GCC_C_LANGUAGE_STANDARD = gnu11;
				GCC_DYNAMIC_NO_PIC = NO;
				GCC_NO_COMMON_BLOCKS = YES;
				GCC_OPTIMIZATION_LEVEL = 0;
				GCC_PREPROCESSOR_DEFINITIONS = (
					"DEBUG=1",
					"$(inherited)",
				);
				GCC_WARN_64_TO_32_BIT_CONVERSION = YES;
				GCC_WARN_ABOUT_RETURN_TYPE = YES_ERROR;
				GCC_WARN_UNDECLARED_SELECTOR = YES;
				GCC_WARN_UNINITIALIZED_AUTOS = YES_AGGRESSIVE;
				GCC_WARN_UNUSED_FUNCTION = YES;
				GCC_WARN_UNUSED_VARIABLE = YES;
				IPHONEOS_DEPLOYMENT_TARGET = 13.0;
				MTL_ENABLE_DEBUG_INFO = INCLUDE_SOURCE;
				MTL_FAST_MATH = YES;
				ONLY_ACTIVE_ARCH = YES;
				SDKROOT = iphoneos;
				SWIFT_ACTIVE_COMPILATION_CONDITIONS = DEBUG;
				SWIFT_OPTIMIZATION_LEVEL = "-Onone";
			};
			name = Debug;
		};
		C986013225CC1EDC0043864A /* Release */ = {
			isa = XCBuildConfiguration;
			buildSettings = {
				ALWAYS_SEARCH_USER_PATHS = NO;
				CLANG_ANALYZER_NONNULL = YES;
				CLANG_ANALYZER_NUMBER_OBJECT_CONVERSION = YES_AGGRESSIVE;
				CLANG_CXX_LANGUAGE_STANDARD = "gnu++14";
				CLANG_CXX_LIBRARY = "libc++";
				CLANG_ENABLE_MODULES = YES;
				CLANG_ENABLE_OBJC_ARC = YES;
				CLANG_ENABLE_OBJC_WEAK = YES;
				CLANG_WARN_BLOCK_CAPTURE_AUTORELEASING = YES;
				CLANG_WARN_BOOL_CONVERSION = YES;
				CLANG_WARN_COMMA = YES;
				CLANG_WARN_CONSTANT_CONVERSION = YES;
				CLANG_WARN_DEPRECATED_OBJC_IMPLEMENTATIONS = YES;
				CLANG_WARN_DIRECT_OBJC_ISA_USAGE = YES_ERROR;
				CLANG_WARN_DOCUMENTATION_COMMENTS = YES;
				CLANG_WARN_EMPTY_BODY = YES;
				CLANG_WARN_ENUM_CONVERSION = YES;
				CLANG_WARN_INFINITE_RECURSION = YES;
				CLANG_WARN_INT_CONVERSION = YES;
				CLANG_WARN_NON_LITERAL_NULL_CONVERSION = YES;
				CLANG_WARN_OBJC_IMPLICIT_RETAIN_SELF = YES;
				CLANG_WARN_OBJC_LITERAL_CONVERSION = YES;
				CLANG_WARN_OBJC_ROOT_CLASS = YES_ERROR;
				CLANG_WARN_QUOTED_INCLUDE_IN_FRAMEWORK_HEADER = YES;
				CLANG_WARN_RANGE_LOOP_ANALYSIS = YES;
				CLANG_WARN_STRICT_PROTOTYPES = YES;
				CLANG_WARN_SUSPICIOUS_MOVE = YES;
				CLANG_WARN_UNGUARDED_AVAILABILITY = YES_AGGRESSIVE;
				CLANG_WARN_UNREACHABLE_CODE = YES;
				CLANG_WARN__DUPLICATE_METHOD_MATCH = YES;
				COPY_PHASE_STRIP = NO;
				DEBUG_INFORMATION_FORMAT = "dwarf-with-dsym";
				ENABLE_NS_ASSERTIONS = NO;
				ENABLE_STRICT_OBJC_MSGSEND = YES;
				GCC_C_LANGUAGE_STANDARD = gnu11;
				GCC_NO_COMMON_BLOCKS = YES;
				GCC_WARN_64_TO_32_BIT_CONVERSION = YES;
				GCC_WARN_ABOUT_RETURN_TYPE = YES_ERROR;
				GCC_WARN_UNDECLARED_SELECTOR = YES;
				GCC_WARN_UNINITIALIZED_AUTOS = YES_AGGRESSIVE;
				GCC_WARN_UNUSED_FUNCTION = YES;
				GCC_WARN_UNUSED_VARIABLE = YES;
				IPHONEOS_DEPLOYMENT_TARGET = 13.0;
				MTL_ENABLE_DEBUG_INFO = NO;
				MTL_FAST_MATH = YES;
				SDKROOT = iphoneos;
				SWIFT_COMPILATION_MODE = wholemodule;
				SWIFT_OPTIMIZATION_LEVEL = "-O";
				VALIDATE_PRODUCT = YES;
			};
			name = Release;
		};
		C986013425CC1EDC0043864A /* Debug */ = {
			isa = XCBuildConfiguration;
			buildSettings = {
				ASSETCATALOG_COMPILER_APPICON_NAME = AppIcon;
				ASSETCATALOG_COMPILER_GLOBAL_ACCENT_COLOR_NAME = AccentColor;
				CODE_SIGN_STYLE = Automatic;
				DEVELOPMENT_TEAM = 9P7CJ3Z2B8;
				INFOPLIST_FILE = "Offsight-TH/Info.plist";
				IPHONEOS_DEPLOYMENT_TARGET = 13.0;
				LD_RUNPATH_SEARCH_PATHS = (
					"$(inherited)",
					"@executable_path/Frameworks",
				);
				PRODUCT_BUNDLE_IDENTIFIER = "ind.vishal.Offsight-TH";
				PRODUCT_NAME = "$(TARGET_NAME)";
				SWIFT_VERSION = 5.0;
				TARGETED_DEVICE_FAMILY = 1;
			};
			name = Debug;
		};
		C986013525CC1EDC0043864A /* Release */ = {
			isa = XCBuildConfiguration;
			buildSettings = {
				ASSETCATALOG_COMPILER_APPICON_NAME = AppIcon;
				ASSETCATALOG_COMPILER_GLOBAL_ACCENT_COLOR_NAME = AccentColor;
				CODE_SIGN_STYLE = Automatic;
				DEVELOPMENT_TEAM = 9P7CJ3Z2B8;
				INFOPLIST_FILE = "Offsight-TH/Info.plist";
				IPHONEOS_DEPLOYMENT_TARGET = 13.0;
				LD_RUNPATH_SEARCH_PATHS = (
					"$(inherited)",
					"@executable_path/Frameworks",
				);
				PRODUCT_BUNDLE_IDENTIFIER = "ind.vishal.Offsight-TH";
				PRODUCT_NAME = "$(TARGET_NAME)";
				SWIFT_VERSION = 5.0;
				TARGETED_DEVICE_FAMILY = 1;
			};
			name = Release;
		};
/* End XCBuildConfiguration section */

/* Begin XCConfigurationList section */
		C986011A25CC1EDB0043864A /* Build configuration list for PBXProject "Offsight-TH" */ = {
			isa = XCConfigurationList;
			buildConfigurations = (
				C986013125CC1EDC0043864A /* Debug */,
				C986013225CC1EDC0043864A /* Release */,
			);
			defaultConfigurationIsVisible = 0;
			defaultConfigurationName = Release;
		};
		C986013325CC1EDC0043864A /* Build configuration list for PBXNativeTarget "Offsight-TH" */ = {
			isa = XCConfigurationList;
			buildConfigurations = (
				C986013425CC1EDC0043864A /* Debug */,
				C986013525CC1EDC0043864A /* Release */,
			);
			defaultConfigurationIsVisible = 0;
			defaultConfigurationName = Release;
		};
/* End XCConfigurationList section */
	};
	rootObject = C986011725CC1EDB0043864A /* Project object */;
}
